
Microsoft Visual Studio Solution File, Format Version 12.00
# Visual Studio Version 16
VisualStudioVersion = 16.0.31410.357
MinimumVisualStudioVersion = 10.0.40219.1
Project("{FAE04EC0-301F-11D3-BF4B-00C04F79EFBC}") = "WindowsInfos", "WindowsInfos.csproj", "{A3D363A5-7E4D-40E1-ABCE-2FA5DFADAE83}"
EndProject
Global
	GlobalSection(SolutionConfigurationPlatforms) = preSolution
		Debug|Any CPU = Debug|Any CPU
		Release|Any CPU = Release|Any CPU
	EndGlobalSection
	GlobalSection(ProjectConfigurationPlatforms) = postSolution
		{A3D363A5-7E4D-40E1-ABCE-2FA5DFADAE83}.Debug|Any CPU.ActiveCfg = Debug|Any CPU
		{A3D363A5-7E4D-40E1-ABCE-2FA5DFADAE83}.Debug|Any CPU.Build.0 = Debug|Any CPU
		{A3D363A5-7E4D-40E1-ABCE-2FA5DFADAE83}.Release|Any CPU.ActiveCfg = Release|Any CPU
		{A3D363A5-7E4D-40E1-ABCE-2FA5DFADAE83}.Release|Any CPU.Build.0 = Release|Any CPU
	EndGlobalSection
	GlobalSection(SolutionProperties) = preSolution
		HideSolutionNode = FALSE
	EndGlobalSection
	GlobalSection(ExtensibilityGlobals) = postSolution
		SolutionGuid = {66AF60B2-9ABE-4EBF-9F48-F0B49171495D}
	EndGlobalSection
EndGlobal
